
Microsoft Visual Studio Solution File, Format Version 12.00
# Visual Studio Version 17
VisualStudioVersion = 17.7.34031.279
MinimumVisualStudioVersion = 10.0.40219.1
Project("{FAE04EC0-301F-11D3-BF4B-00C04F79EFBC}") = "API-9", "API-9\API-9.csproj", "{200D7B5E-FE7E-447B-922C-FF84D1A1731C}"
EndProject
Global
	GlobalSection(SolutionConfigurationPlatforms) = preSolution
		Debug|Any CPU = Debug|Any CPU
		Release|Any CPU = Release|Any CPU
	EndGlobalSection
	GlobalSection(ProjectConfigurationPlatforms) = postSolution
		{200D7B5E-FE7E-447B-922C-FF84D1A1731C}.Debug|Any CPU.ActiveCfg = Debug|Any CPU
		{200D7B5E-FE7E-447B-922C-FF84D1A1731C}.Debug|Any CPU.Build.0 = Debug|Any CPU
		{200D7B5E-FE7E-447B-922C-FF84D1A1731C}.Release|Any CPU.ActiveCfg = Release|Any CPU
		{200D7B5E-FE7E-447B-922C-FF84D1A1731C}.Release|Any CPU.Build.0 = Release|Any CPU
	EndGlobalSection
	GlobalSection(SolutionProperties) = preSolution
		HideSolutionNode = FALSE
	EndGlobalSection
	GlobalSection(ExtensibilityGlobals) = postSolution
		SolutionGuid = {FF2A0D94-5669-4B60-92FE-963267969E42}
	EndGlobalSection
EndGlobal
